<Solution>
  <Folder Name="/src/">
    <Project Path="src/CarTracker.Data/CarTracker.Data.csproj" />
    <Project Path="src/CarTracker.Shared/CarTracker.Shared.csproj" />
  </Folder>
  <Folder Name="/tests/">
    <Project Path="tests/CarTracker.Data.Tests/CarTracker.Data.Tests.csproj" />
  </Folder>
</Solution>
